
Microsoft Visual Studio Solution File, Format Version 12.00
# Visual Studio Version 17
VisualStudioVersion = 17.9.34728.123
MinimumVisualStudioVersion = 10.0.40219.1
Project("{FAE04EC0-301F-11D3-BF4B-00C04F79EFBC}") = "Battleship", "Battleship\Battleship.csproj", "{58A5A4CB-B11E-4F5A-ADD2-FA0CAE576829}"
EndProject
Global
	GlobalSection(SolutionConfigurationPlatforms) = preSolution
		Debug|Any CPU = Debug|Any CPU
		Release|Any CPU = Release|Any CPU
	EndGlobalSection
	GlobalSection(ProjectConfigurationPlatforms) = postSolution
		{58A5A4CB-B11E-4F5A-ADD2-FA0CAE576829}.Debug|Any CPU.ActiveCfg = Debug|Any CPU
		{58A5A4CB-B11E-4F5A-ADD2-FA0CAE576829}.Debug|Any CPU.Build.0 = Debug|Any CPU
		{58A5A4CB-B11E-4F5A-ADD2-FA0CAE576829}.Release|Any CPU.ActiveCfg = Release|Any CPU
		{58A5A4CB-B11E-4F5A-ADD2-FA0CAE576829}.Release|Any CPU.Build.0 = Release|Any CPU
	EndGlobalSection
	GlobalSection(SolutionProperties) = preSolution
		HideSolutionNode = FALSE
	EndGlobalSection
	GlobalSection(ExtensibilityGlobals) = postSolution
		SolutionGuid = {B25C3F7C-537F-42B4-8048-1267D7699E9E}
	EndGlobalSection
EndGlobal
